PODS:
  - BoringSSL (8.2):
    - BoringSSL/Implementation (= 8.2)
    - BoringSSL/Interface (= 8.2)
  - BoringSSL/Implementation (8.2):
    - BoringSSL/Interface (= 8.2)
  - BoringSSL/Interface (8.2)
  - gRPC (1.4.2):
    - gRPC-Core (= 1.4.2)
    - gRPC-RxLibrary (= 1.4.2)
  - gRPC-Core (1.4.2):
    - gRPC-Core/Implementation (= 1.4.2)
    - gRPC-Core/Interface (= 1.4.2)
  - gRPC-Core/Implementation (1.4.2):
    - BoringSSL (~> 8.0)
    - gRPC-Core/Interface (= 1.4.2)
    - nanopb (~> 0.3)
  - gRPC-Core/Interface (1.4.2)
  - gRPC-ProtoRPC (1.4.2):
    - gRPC (= 1.4.2)
    - gRPC-RxLibrary (= 1.4.2)
    - Protobuf (~> 3.0)
  - gRPC-RxLibrary (1.4.2)
  - nanopb (0.3.8):
    - nanopb/decode (= 0.3.8)
    - nanopb/encode (= 0.3.8)
  - nanopb/decode (0.3.8)
  - nanopb/encode (0.3.8)
  - Protobuf (3.4.0)
  - pushPodTest (0.1.0):
    - gRPC-ProtoRPC (~> 1.4.2)
    - Protobuf (~> 3.4.0)

DEPENDENCIES:
  - pushPodTest (from `../`)

EXTERNAL SOURCES:
  pushPodTest:
    :path: ../

SPEC CHECKSUMS:
  BoringSSL: 4135ae556ee2b82ee85477c39ba917a3dd5424ba
  gRPC: 74b57d3c8a9366e09493828e0a1d27f6d69a79fd
  gRPC-Core: 642d29e59e5490374622b0629c2dd1c4c111775c
  gRPC-ProtoRPC: 675ef3d484c06967ed2a5f5ee0e510a3756f755e
  gRPC-RxLibrary: 7a25c5c25282669a82d1783d7e8a036f53e8ef27
  nanopb: 5601e6bca2dbf1ed831b519092ec110f66982ca3
  Protobuf: 03eef2ee0b674770735cf79d9c4d3659cf6908e8
  pushPodTest: 411d382dea0a501e5015139cbaa9791935c4883b

PODFILE CHECKSUM: fc7209e03bad91eebfa81008340fe677f64be5b9

COCOAPODS: 1.3.1
